
Microsoft Visual Studio Solution File, Format Version 12.00
# Visual Studio 15
VisualStudioVersion = 15.0.26124.0
MinimumVisualStudioVersion = 15.0.26124.0
Project("{2150E333-8FDC-42A3-9474-1A3956D46DE8}") = "src", "src", "{E4A24900-D3AF-435E-816C-FA1CD7C226CF}"
EndProject
Project("{FAE04EC0-301F-11D3-BF4B-00C04F79EFBC}") = "Midi", "src\Midi\Midi.csproj", "{97092E32-11F3-451D-83B6-16EA4874BAC7}"
EndProject
Project("{FAE04EC0-301F-11D3-BF4B-00C04F79EFBC}") = "Device", "src\Device\Device.csproj", "{3658723E-077B-4367-BA29-31AD17B43A0D}"
EndProject
Global
	GlobalSection(SolutionProperties) = preSolution
		HideSolutionNode = FALSE
	EndGlobalSection
	GlobalSection(SolutionConfigurationPlatforms) = preSolution
		Debug|Any CPU = Debug|Any CPU
		Debug|x64 = Debug|x64
		Debug|x86 = Debug|x86
		Release|Any CPU = Release|Any CPU
		Release|x64 = Release|x64
		Release|x86 = Release|x86
	EndGlobalSection
	GlobalSection(ProjectConfigurationPlatforms) = postSolution
		{97092E32-11F3-451D-83B6-16EA4874BAC7}.Debug|Any CPU.ActiveCfg = Debug|Any CPU
		{97092E32-11F3-451D-83B6-16EA4874BAC7}.Debug|Any CPU.Build.0 = Debug|Any CPU
		{97092E32-11F3-451D-83B6-16EA4874BAC7}.Debug|x64.ActiveCfg = Debug|Any CPU
		{97092E32-11F3-451D-83B6-16EA4874BAC7}.Debug|x64.Build.0 = Debug|Any CPU
		{97092E32-11F3-451D-83B6-16EA4874BAC7}.Debug|x86.ActiveCfg = Debug|Any CPU
		{97092E32-11F3-451D-83B6-16EA4874BAC7}.Debug|x86.Build.0 = Debug|Any CPU
		{97092E32-11F3-451D-83B6-16EA4874BAC7}.Release|Any CPU.ActiveCfg = Release|Any CPU
		{97092E32-11F3-451D-83B6-16EA4874BAC7}.Release|Any CPU.Build.0 = Release|Any CPU
		{97092E32-11F3-451D-83B6-16EA4874BAC7}.Release|x64.ActiveCfg = Release|Any CPU
		{97092E32-11F3-451D-83B6-16EA4874BAC7}.Release|x64.Build.0 = Release|Any CPU
		{97092E32-11F3-451D-83B6-16EA4874BAC7}.Release|x86.ActiveCfg = Release|Any CPU
		{97092E32-11F3-451D-83B6-16EA4874BAC7}.Release|x86.Build.0 = Release|Any CPU
		{3658723E-077B-4367-BA29-31AD17B43A0D}.Debug|Any CPU.ActiveCfg = Debug|Any CPU
		{3658723E-077B-4367-BA29-31AD17B43A0D}.Debug|Any CPU.Build.0 = Debug|Any CPU
		{3658723E-077B-4367-BA29-31AD17B43A0D}.Debug|x64.ActiveCfg = Debug|Any CPU
		{3658723E-077B-4367-BA29-31AD17B43A0D}.Debug|x64.Build.0 = Debug|Any CPU
		{3658723E-077B-4367-BA29-31AD17B43A0D}.Debug|x86.ActiveCfg = Debug|Any CPU
		{3658723E-077B-4367-BA29-31AD17B43A0D}.Debug|x86.Build.0 = Debug|Any CPU
		{3658723E-077B-4367-BA29-31AD17B43A0D}.Release|Any CPU.ActiveCfg = Release|Any CPU
		{3658723E-077B-4367-BA29-31AD17B43A0D}.Release|Any CPU.Build.0 = Release|Any CPU
		{3658723E-077B-4367-BA29-31AD17B43A0D}.Release|x64.ActiveCfg = Release|Any CPU
		{3658723E-077B-4367-BA29-31AD17B43A0D}.Release|x64.Build.0 = Release|Any CPU
		{3658723E-077B-4367-BA29-31AD17B43A0D}.Release|x86.ActiveCfg = Release|Any CPU
		{3658723E-077B-4367-BA29-31AD17B43A0D}.Release|x86.Build.0 = Release|Any CPU
	EndGlobalSection
	GlobalSection(NestedProjects) = preSolution
		{97092E32-11F3-451D-83B6-16EA4874BAC7} = {E4A24900-D3AF-435E-816C-FA1CD7C226CF}
		{3658723E-077B-4367-BA29-31AD17B43A0D} = {E4A24900-D3AF-435E-816C-FA1CD7C226CF}
	EndGlobalSection
EndGlobal
